
Microsoft Visual Studio Solution File, Format Version 12.00
# Visual Studio Version 17
VisualStudioVersion = 17.0.32014.148
MinimumVisualStudioVersion = 10.0.40219.1
Project("{FAE04EC0-301F-11D3-BF4B-00C04F79EFBC}") = "TestWebApp", "TestWebApp\TestWebApp.csproj", "{96F3FC29-0129-4BBE-8C46-714BD1F702FE}"
EndProject
Global
	GlobalSection(SolutionConfigurationPlatforms) = preSolution
		Debug|Any CPU = Debug|Any CPU
		Release|Any CPU = Release|Any CPU
	EndGlobalSection
	GlobalSection(ProjectConfigurationPlatforms) = postSolution
		{96F3FC29-0129-4BBE-8C46-714BD1F702FE}.Debug|Any CPU.ActiveCfg = Debug|Any CPU
		{96F3FC29-0129-4BBE-8C46-714BD1F702FE}.Debug|Any CPU.Build.0 = Debug|Any CPU
		{96F3FC29-0129-4BBE-8C46-714BD1F702FE}.Release|Any CPU.ActiveCfg = Release|Any CPU
		{96F3FC29-0129-4BBE-8C46-714BD1F702FE}.Release|Any CPU.Build.0 = Release|Any CPU
	EndGlobalSection
	GlobalSection(SolutionProperties) = preSolution
		HideSolutionNode = FALSE
	EndGlobalSection
	GlobalSection(ExtensibilityGlobals) = postSolution
		SolutionGuid = {E61D14AF-DC50-41E9-9D96-6BFD17B2E3EA}
	EndGlobalSection
EndGlobal
